
Microsoft Visual Studio Solution File, Format Version 12.00
# Visual Studio 15
VisualStudioVersion = 15.0.27130.2010
MinimumVisualStudioVersion = 10.0.40219.1
Project("{888888A0-9F3D-457C-B088-3A5042F75D52}") = "Fia", "Fia\Fia.pyproj", "{2FFC0387-E338-40E9-ADF4-2BF8DA3B7E91}"
EndProject
Global
	GlobalSection(SolutionConfigurationPlatforms) = preSolution
		Debug|Any CPU = Debug|Any CPU
		Release|Any CPU = Release|Any CPU
	EndGlobalSection
	GlobalSection(ProjectConfigurationPlatforms) = postSolution
		{2FFC0387-E338-40E9-ADF4-2BF8DA3B7E91}.Debug|Any CPU.ActiveCfg = Debug|Any CPU
		{2FFC0387-E338-40E9-ADF4-2BF8DA3B7E91}.Release|Any CPU.ActiveCfg = Release|Any CPU
	EndGlobalSection
	GlobalSection(SolutionProperties) = preSolution
		HideSolutionNode = FALSE
	EndGlobalSection
	GlobalSection(ExtensibilityGlobals) = postSolution
		SolutionGuid = {D98E2312-7428-448C-AE4D-73DD30A08E8E}
	EndGlobalSection
EndGlobal
