
Microsoft Visual Studio Solution File, Format Version 12.00
# Visual Studio 15
VisualStudioVersion = 15.0.27004.2005
MinimumVisualStudioVersion = 10.0.40219.1
Project("{888888A0-9F3D-457C-B088-3A5042F75D52}") = "De Tree", "De Tree\De Tree.pyproj", "{C1C0B077-3769-4198-AD74-E56FE94013C1}"
EndProject
Global
	GlobalSection(SolutionConfigurationPlatforms) = preSolution
		Debug|Any CPU = Debug|Any CPU
		Release|Any CPU = Release|Any CPU
	EndGlobalSection
	GlobalSection(ProjectConfigurationPlatforms) = postSolution
		{C1C0B077-3769-4198-AD74-E56FE94013C1}.Debug|Any CPU.ActiveCfg = Debug|Any CPU
		{C1C0B077-3769-4198-AD74-E56FE94013C1}.Release|Any CPU.ActiveCfg = Release|Any CPU
	EndGlobalSection
	GlobalSection(SolutionProperties) = preSolution
		HideSolutionNode = FALSE
	EndGlobalSection
	GlobalSection(ExtensibilityGlobals) = postSolution
		SolutionGuid = {5EB4C4E1-2965-44D3-840E-FC5E1385E012}
	EndGlobalSection
EndGlobal
